PODS:
  - Mantle-JX (2.2.0-v3):
    - Mantle-JX/extobjc (= 2.2.0-v3)
  - Mantle-JX/extobjc (2.2.0-v3)

DEPENDENCIES:
  - Mantle-JX (from `../`)

EXTERNAL SOURCES:
  Mantle-JX:
    :path: "../"

SPEC CHECKSUMS:
  Mantle-JX: be31cb81b3d4ccd4bc41b570218228457596e889

PODFILE CHECKSUM: 7a243dcb2bd749592622c9f65a6d88d04fc9169e

COCOAPODS: 1.11.2
